
Microsoft Visual Studio Solution File, Format Version 12.00
# Visual Studio Version 16
VisualStudioVersion = 16.0.30413.136
MinimumVisualStudioVersion = 10.0.40219.1
Project("{FAE04EC0-301F-11D3-BF4B-00C04F79EFBC}") = "Numbers", "Numbers\Numbers.csproj", "{C6140E2C-1B4D-4211-9A5B-9657EECAAB6F}"
EndProject
Global
	GlobalSection(SolutionConfigurationPlatforms) = preSolution
		Debug|Any CPU = Debug|Any CPU
		Release|Any CPU = Release|Any CPU
	EndGlobalSection
	GlobalSection(ProjectConfigurationPlatforms) = postSolution
		{C6140E2C-1B4D-4211-9A5B-9657EECAAB6F}.Debug|Any CPU.ActiveCfg = Debug|Any CPU
		{C6140E2C-1B4D-4211-9A5B-9657EECAAB6F}.Debug|Any CPU.Build.0 = Debug|Any CPU
		{C6140E2C-1B4D-4211-9A5B-9657EECAAB6F}.Release|Any CPU.ActiveCfg = Release|Any CPU
		{C6140E2C-1B4D-4211-9A5B-9657EECAAB6F}.Release|Any CPU.Build.0 = Release|Any CPU
	EndGlobalSection
	GlobalSection(SolutionProperties) = preSolution
		HideSolutionNode = FALSE
	EndGlobalSection
	GlobalSection(ExtensibilityGlobals) = postSolution
		SolutionGuid = {75C0A38A-DB67-456D-98BF-B6F4E4D5FD66}
	EndGlobalSection
EndGlobal
